{
  "name": "TypeScript",
  "version": "1.0.0",
  "lockfileVersion": 1,
  "requires": true,
  "dependencies": {
    "@types/jquery": {
      "version": "3.5.5",
      "resolved": "https://registry.nlark.com/@types/jquery/download/@types/jquery-3.5.5.tgz",
      "integrity": "sha1-LGP0fJyNlmk9Jy9UU2Aq/YM4yQM=",
      "requires": {
        "@types/sizzle": "*"
      }
    },
    "@types/sizzle": {
      "version": "2.3.3",
      "resolved": "https://registry.nlark.com/@types/sizzle/download/@types/sizzle-2.3.3.tgz?cache=0&sync_timestamp=1621243834244&other_urls=https%3A%2F%2Fregistry.nlark.com%2F%40types%2Fsizzle%2Fdownload%2F%40types%2Fsizzle-2.3.3.tgz",
      "integrity": "sha1-/14vGQKWnTBSJaBHyKD9XJFc6+8="
    },
    "jquery": {
      "version": "3.6.0",
      "resolved": "https://registry.npm.taobao.org/jquery/download/jquery-3.6.0.tgz?cache=0&sync_timestamp=1614705221099&other_urls=https%3A%2F%2Fregistry.npm.taobao.org%2Fjquery%2Fdownload%2Fjquery-3.6.0.tgz",
      "integrity": "sha1-xyoJ8Vwb3OFC9J2/EXC9+K2sJHA="
    },
    "typescript": {
      "version": "4.3.2",
      "resolved": "https://registry.nlark.com/typescript/download/typescript-4.3.2.tgz",
      "integrity": "sha1-OZqxiqxFgC1vJJjeUFT8u+cWqAU=",
      "dev": true
    }
  }
}
